
Microsoft Visual Studio Solution File, Format Version 12.00
# Visual Studio 15
VisualStudioVersion = 15.0.27130.2036
MinimumVisualStudioVersion = 10.0.40219.1
Project("{FAE04EC0-301F-11D3-BF4B-00C04F79EFBC}") = "HourManager", "HourManager\HourManager.csproj", "{2D35BA9A-513E-456D-840B-F9D93D036CCC}"
EndProject
Global
	GlobalSection(SolutionConfigurationPlatforms) = preSolution
		Debug|Any CPU = Debug|Any CPU
		Release|Any CPU = Release|Any CPU
	EndGlobalSection
	GlobalSection(ProjectConfigurationPlatforms) = postSolution
		{2D35BA9A-513E-456D-840B-F9D93D036CCC}.Debug|Any CPU.ActiveCfg = Debug|Any CPU
		{2D35BA9A-513E-456D-840B-F9D93D036CCC}.Debug|Any CPU.Build.0 = Debug|Any CPU
		{2D35BA9A-513E-456D-840B-F9D93D036CCC}.Release|Any CPU.ActiveCfg = Release|Any CPU
		{2D35BA9A-513E-456D-840B-F9D93D036CCC}.Release|Any CPU.Build.0 = Release|Any CPU
	EndGlobalSection
	GlobalSection(SolutionProperties) = preSolution
		HideSolutionNode = FALSE
	EndGlobalSection
	GlobalSection(ExtensibilityGlobals) = postSolution
		SolutionGuid = {2496173B-B18F-4D84-8FEE-CFB0049C3870}
	EndGlobalSection
EndGlobal
